
Microsoft Visual Studio Solution File, Format Version 12.00
# Visual Studio Version 17
VisualStudioVersion = 17.11.35327.3
MinimumVisualStudioVersion = 10.0.40219.1
Project("{FAE04EC0-301F-11D3-BF4B-00C04F79EFBC}") = "Balgh", "Balgh\Balgh.csproj", "{92A04DD4-6EBF-44D9-91DF-674E1F463FFE}"
EndProject
Global
	GlobalSection(SolutionConfigurationPlatforms) = preSolution
		Debug|Any CPU = Debug|Any CPU
		Release|Any CPU = Release|Any CPU
	EndGlobalSection
	GlobalSection(ProjectConfigurationPlatforms) = postSolution
		{92A04DD4-6EBF-44D9-91DF-674E1F463FFE}.Debug|Any CPU.ActiveCfg = Debug|Any CPU
		{92A04DD4-6EBF-44D9-91DF-674E1F463FFE}.Debug|Any CPU.Build.0 = Debug|Any CPU
		{92A04DD4-6EBF-44D9-91DF-674E1F463FFE}.Release|Any CPU.ActiveCfg = Release|Any CPU
		{92A04DD4-6EBF-44D9-91DF-674E1F463FFE}.Release|Any CPU.Build.0 = Release|Any CPU
	EndGlobalSection
	GlobalSection(SolutionProperties) = preSolution
		HideSolutionNode = FALSE
	EndGlobalSection
	GlobalSection(ExtensibilityGlobals) = postSolution
		SolutionGuid = {C472AE8D-3D19-42F6-B43E-298E3C37A5EE}
	EndGlobalSection
EndGlobal
